// !$*UTF8*$!
{
	archiveVersion = 1;
	classes = {
	};
	objectVersion = 50;
	objects = {

/* Begin PBXBuildFile section */
		5D92DAC225A202D700E046DC /* FavoriteButton.swift in Sources */ = {isa = PBXBuildFile; fileRef = 5D92DAC125A202D700E046DC /* FavoriteButton.swift */; };
		5DB33E9225A02339001434A5 /* LandmarksApp.swift in Sources */ = {isa = PBXBuildFile; fileRef = 5DB33E9125A02339001434A5 /* LandmarksApp.swift */; };
		5DB33E9425A02339001434A5 /* ContentView.swift in Sources */ = {isa = PBXBuildFile; fileRef = 5DB33E9325A02339001434A5 /* ContentView.swift */; };
		5DB33E9625A0233B001434A5 /* Assets.xcassets in Resources */ = {isa = PBXBuildFile; fileRef = 5DB33E9525A0233B001434A5 /* Assets.xcassets */; };
		5DB33E9925A0233B001434A5 /* Preview Assets.xcassets in Resources */ = {isa = PBXBuildFile; fileRef = 5DB33E9825A0233B001434A5 /* Preview Assets.xcassets */; };
		5DB33EA425A0233C001434A5 /* LandmarksTests.swift in Sources */ = {isa = PBXBuildFile; fileRef = 5DB33EA325A0233C001434A5 /* LandmarksTests.swift */; };
		5DB33EAF25A0233C001434A5 /* LandmarksUITests.swift in Sources */ = {isa = PBXBuildFile; fileRef = 5DB33EAE25A0233C001434A5 /* LandmarksUITests.swift */; };
		5DB33EC825A024A9001434A5 /* CircleImage.swift in Sources */ = {isa = PBXBuildFile; fileRef = 5DB33EC725A024A9001434A5 /* CircleImage.swift */; };
		5DB33ECD25A024E6001434A5 /* MapView.swift in Sources */ = {isa = PBXBuildFile; fileRef = 5DB33ECC25A024E6001434A5 /* MapView.swift */; };
		5DB33ED225A02713001434A5 /* landmarkData.json in Resources */ = {isa = PBXBuildFile; fileRef = 5DB33ED125A02713001434A5 /* landmarkData.json */; };
		5DB33ED725A0272A001434A5 /* Landmark.swift in Sources */ = {isa = PBXBuildFile; fileRef = 5DB33ED625A0272A001434A5 /* Landmark.swift */; };
		5DB33EDF25A028F0001434A5 /* ModelData.swift in Sources */ = {isa = PBXBuildFile; fileRef = 5DB33EDE25A028F0001434A5 /* ModelData.swift */; };
		5DB33EEE25A02C87001434A5 /* LandmarkRow.swift in Sources */ = {isa = PBXBuildFile; fileRef = 5DB33EED25A02C87001434A5 /* LandmarkRow.swift */; };
		5DB33EF325A02EE5001434A5 /* LandmarkList.swift in Sources */ = {isa = PBXBuildFile; fileRef = 5DB33EF225A02EE5001434A5 /* LandmarkList.swift */; };
		5DB33EF825A03118001434A5 /* LandmarkDetail.swift in Sources */ = {isa = PBXBuildFile; fileRef = 5DB33EF725A03118001434A5 /* LandmarkDetail.swift */; };
/* End PBXBuildFile section */

/* Begin PBXContainerItemProxy section */
		5DB33EA025A0233C001434A5 /* PBXContainerItemProxy */ = {
			isa = PBXContainerItemProxy;
			containerPortal = 5DB33E8625A02339001434A5 /* Project object */;
			proxyType = 1;
			remoteGlobalIDString = 5DB33E8D25A02339001434A5;
			remoteInfo = Landmarks;
		};
		5DB33EAB25A0233C001434A5 /* PBXContainerItemProxy */ = {
			isa = PBXContainerItemProxy;
			containerPortal = 5DB33E8625A02339001434A5 /* Project object */;
			proxyType = 1;
			remoteGlobalIDString = 5DB33E8D25A02339001434A5;
			remoteInfo = Landmarks;
		};
/* End PBXContainerItemProxy section */

/* Begin PBXFileReference section */
		5D92DAC125A202D700E046DC /* FavoriteButton.swift */ = {isa = PBXFileReference; lastKnownFileType = sourcecode.swift; path = FavoriteButton.swift; sourceTree = "<group>"; };
		5DB33E8E25A02339001434A5 /* Landmarks.app */ = {isa = PBXFileReference; explicitFileType = wrapper.application; includeInIndex = 0; path = Landmarks.app; sourceTree = BUILT_PRODUCTS_DIR; };
		5DB33E9125A02339001434A5 /* LandmarksApp.swift */ = {isa = PBXFileReference; lastKnownFileType = sourcecode.swift; path = LandmarksApp.swift; sourceTree = "<group>"; };
		5DB33E9325A02339001434A5 /* ContentView.swift */ = {isa = PBXFileReference; lastKnownFileType = sourcecode.swift; path = ContentView.swift; sourceTree = "<group>"; };
		5DB33E9525A0233B001434A5 /* Assets.xcassets */ = {isa = PBXFileReference; lastKnownFileType = folder.assetcatalog; path = Assets.xcassets; sourceTree = "<group>"; };
		5DB33E9825A0233B001434A5 /* Preview Assets.xcassets */ = {isa = PBXFileReference; lastKnownFileType = folder.assetcatalog; path = "Preview Assets.xcassets"; sourceTree = "<group>"; };
		5DB33E9A25A0233B001434A5 /* Info.plist */ = {isa = PBXFileReference; lastKnownFileType = text.plist.xml; path = Info.plist; sourceTree = "<group>"; };
		5DB33E9F25A0233C001434A5 /* LandmarksTests.xctest */ = {isa = PBXFileReference; explicitFileType = wrapper.cfbundle; includeInIndex = 0; path = LandmarksTests.xctest; sourceTree = BUILT_PRODUCTS_DIR; };
		5DB33EA325A0233C001434A5 /* LandmarksTests.swift */ = {isa = PBXFileReference; lastKnownFileType = sourcecode.swift; path = LandmarksTests.swift; sourceTree = "<group>"; };
		5DB33EA525A0233C001434A5 /* Info.plist */ = {isa = PBXFileReference; lastKnownFileType = text.plist.xml; path = Info.plist; sourceTree = "<group>"; };
		5DB33EAA25A0233C001434A5 /* LandmarksUITests.xctest */ = {isa = PBXFileReference; explicitFileType = wrapper.cfbundle; includeInIndex = 0; path = LandmarksUITests.xctest; sourceTree = BUILT_PRODUCTS_DIR; };
		5DB33EAE25A0233C001434A5 /* LandmarksUITests.swift */ = {isa = PBXFileReference; lastKnownFileType = sourcecode.swift; path = LandmarksUITests.swift; sourceTree = "<group>"; };
		5DB33EB025A0233C001434A5 /* Info.plist */ = {isa = PBXFileReference; lastKnownFileType = text.plist.xml; path = Info.plist; sourceTree = "<group>"; };
		5DB33EC725A024A9001434A5 /* CircleImage.swift */ = {isa = PBXFileReference; lastKnownFileType = sourcecode.swift; path = CircleImage.swift; sourceTree = "<group>"; };
		5DB33ECC25A024E6001434A5 /* MapView.swift */ = {isa = PBXFileReference; lastKnownFileType = sourcecode.swift; path = MapView.swift; sourceTree = "<group>"; };
		5DB33ED125A02713001434A5 /* landmarkData.json */ = {isa = PBXFileReference; fileEncoding = 4; lastKnownFileType = text.json; name = landmarkData.json; path = Landmarks/Resources/landmarkData.json; sourceTree = SOURCE_ROOT; };
		5DB33ED625A0272A001434A5 /* Landmark.swift */ = {isa = PBXFileReference; lastKnownFileType = sourcecode.swift; path = Landmark.swift; sourceTree = "<group>"; };
		5DB33EDE25A028F0001434A5 /* ModelData.swift */ = {isa = PBXFileReference; lastKnownFileType = sourcecode.swift; path = ModelData.swift; sourceTree = "<group>"; };
		5DB33EED25A02C87001434A5 /* LandmarkRow.swift */ = {isa = PBXFileReference; lastKnownFileType = sourcecode.swift; path = LandmarkRow.swift; sourceTree = "<group>"; };
		5DB33EF225A02EE5001434A5 /* LandmarkList.swift */ = {isa = PBXFileReference; lastKnownFileType = sourcecode.swift; path = LandmarkList.swift; sourceTree = "<group>"; };
		5DB33EF725A03118001434A5 /* LandmarkDetail.swift */ = {isa = PBXFileReference; lastKnownFileType = sourcecode.swift; path = LandmarkDetail.swift; sourceTree = "<group>"; };
/* End PBXFileReference section */

/* Begin PBXFrameworksBuildPhase section */
		5DB33E8B25A02339001434A5 /* Frameworks */ = {
			isa = PBXFrameworksBuildPhase;
			buildActionMask = 2147483647;
			files = (
			);
			runOnlyForDeploymentPostprocessing = 0;
		};
		5DB33E9C25A0233C001434A5 /* Frameworks */ = {
			isa = PBXFrameworksBuildPhase;
			buildActionMask = 2147483647;
			files = (
			);
			runOnlyForDeploymentPostprocessing = 0;
		};
		5DB33EA725A0233C001434A5 /* Frameworks */ = {
			isa = PBXFrameworksBuildPhase;
			buildActionMask = 2147483647;
			files = (
			);
			runOnlyForDeploymentPostprocessing = 0;
		};
/* End PBXFrameworksBuildPhase section */

/* Begin PBXGroup section */
		5D92DAC725A2037100E046DC /* Helpers */ = {
			isa = PBXGroup;
			children = (
				5DB33EC725A024A9001434A5 /* CircleImage.swift */,
				5D92DAC125A202D700E046DC /* FavoriteButton.swift */,
				5DB33ECC25A024E6001434A5 /* MapView.swift */,
			);
			path = Helpers;
			sourceTree = "<group>";
		};
		5DB33E8525A02339001434A5 = {
			isa = PBXGroup;
			children = (
				5DB33E9025A02339001434A5 /* Landmarks */,
				5DB33EA225A0233C001434A5 /* LandmarksTests */,
				5DB33EAD25A0233C001434A5 /* LandmarksUITests */,
				5DB33E8F25A02339001434A5 /* Products */,
			);
			sourceTree = "<group>";
		};
		5DB33E8F25A02339001434A5 /* Products */ = {
			isa = PBXGroup;
			children = (
				5DB33E8E25A02339001434A5 /* Landmarks.app */,
				5DB33E9F25A0233C001434A5 /* LandmarksTests.xctest */,
				5DB33EAA25A0233C001434A5 /* LandmarksUITests.xctest */,
			);
			name = Products;
			sourceTree = "<group>";
		};
		5DB33E9025A02339001434A5 /* Landmarks */ = {
			isa = PBXGroup;
			children = (
				5DB33E9125A02339001434A5 /* LandmarksApp.swift */,
				5DB33EE625A02A48001434A5 /* Views */,
				5D92DAC725A2037100E046DC /* Helpers */,
				5DB33EE325A02A1C001434A5 /* Model */,
				5DB33EE525A02A3B001434A5 /* Resources */,
				5DB33E9525A0233B001434A5 /* Assets.xcassets */,
				5DB33E9A25A0233B001434A5 /* Info.plist */,
				5DB33E9725A0233B001434A5 /* Preview Content */,
			);
			path = Landmarks;
			sourceTree = "<group>";
		};
		5DB33E9725A0233B001434A5 /* Preview Content */ = {
			isa = PBXGroup;
			children = (
				5DB33E9825A0233B001434A5 /* Preview Assets.xcassets */,
			);
			path = "Preview Content";
			sourceTree = "<group>";
		};
		5DB33EA225A0233C001434A5 /* LandmarksTests */ = {
			isa = PBXGroup;
			children = (
				5DB33EA325A0233C001434A5 /* LandmarksTests.swift */,
				5DB33EA525A0233C001434A5 /* Info.plist */,
			);
			path = LandmarksTests;
			sourceTree = "<group>";
		};
		5DB33EAD25A0233C001434A5 /* LandmarksUITests */ = {
			isa = PBXGroup;
			children = (
				5DB33EAE25A0233C001434A5 /* LandmarksUITests.swift */,
				5DB33EB025A0233C001434A5 /* Info.plist */,
			);
			path = LandmarksUITests;
			sourceTree = "<group>";
		};
		5DB33EE325A02A1C001434A5 /* Model */ = {
			isa = PBXGroup;
			children = (
				5DB33EDE25A028F0001434A5 /* ModelData.swift */,
				5DB33ED625A0272A001434A5 /* Landmark.swift */,
			);
			path = Model;
			sourceTree = "<group>";
		};
		5DB33EE525A02A3B001434A5 /* Resources */ = {
			isa = PBXGroup;
			children = (
				5DB33ED125A02713001434A5 /* landmarkData.json */,
			);
			path = Resources;
			sourceTree = "<group>";
		};
		5DB33EE625A02A48001434A5 /* Views */ = {
			isa = PBXGroup;
			children = (
				5DB33E9325A02339001434A5 /* ContentView.swift */,
				5DB33EED25A02C87001434A5 /* LandmarkRow.swift */,
				5DB33EF725A03118001434A5 /* LandmarkDetail.swift */,
				5DB33EF225A02EE5001434A5 /* LandmarkList.swift */,
			);
			path = Views;
			sourceTree = "<group>";
		};
/* End PBXGroup section */

/* Begin PBXNativeTarget section */
		5DB33E8D25A02339001434A5 /* Landmarks */ = {
			isa = PBXNativeTarget;
			buildConfigurationList = 5DB33EB325A0233C001434A5 /* Build configuration list for PBXNativeTarget "Landmarks" */;
			buildPhases = (
				5DB33E8A25A02339001434A5 /* Sources */,
				5DB33E8B25A02339001434A5 /* Frameworks */,
				5DB33E8C25A02339001434A5 /* Resources */,
			);
			buildRules = (
			);
			dependencies = (
			);
			name = Landmarks;
			productName = Landmarks;
			productReference = 5DB33E8E25A02339001434A5 /* Landmarks.app */;
			productType = "com.apple.product-type.application";
		};
		5DB33E9E25A0233C001434A5 /* LandmarksTests */ = {
			isa = PBXNativeTarget;
			buildConfigurationList = 5DB33EB625A0233C001434A5 /* Build configuration list for PBXNativeTarget "LandmarksTests" */;
			buildPhases = (
				5DB33E9B25A0233C001434A5 /* Sources */,
				5DB33E9C25A0233C001434A5 /* Frameworks */,
				5DB33E9D25A0233C001434A5 /* Resources */,
			);
			buildRules = (
			);
			dependencies = (
				5DB33EA125A0233C001434A5 /* PBXTargetDependency */,
			);
			name = LandmarksTests;
			productName = LandmarksTests;
			productReference = 5DB33E9F25A0233C001434A5 /* LandmarksTests.xctest */;
			productType = "com.apple.product-type.bundle.unit-test";
		};
		5DB33EA925A0233C001434A5 /* LandmarksUITests */ = {
			isa = PBXNativeTarget;
			buildConfigurationList = 5DB33EB925A0233C001434A5 /* Build configuration list for PBXNativeTarget "LandmarksUITests" */;
			buildPhases = (
				5DB33EA625A0233C001434A5 /* Sources */,
				5DB33EA725A0233C001434A5 /* Frameworks */,
				5DB33EA825A0233C001434A5 /* Resources */,
			);
			buildRules = (
			);
			dependencies = (
				5DB33EAC25A0233C001434A5 /* PBXTargetDependency */,
			);
			name = LandmarksUITests;
			productName = LandmarksUITests;
			productReference = 5DB33EAA25A0233C001434A5 /* LandmarksUITests.xctest */;
			productType = "com.apple.product-type.bundle.ui-testing";
		};
/* End PBXNativeTarget section */

/* Begin PBXProject section */
		5DB33E8625A02339001434A5 /* Project object */ = {
			isa = PBXProject;
			attributes = {
				LastSwiftUpdateCheck = 1230;
				LastUpgradeCheck = 1230;
				TargetAttributes = {
					5DB33E8D25A02339001434A5 = {
						CreatedOnToolsVersion = 12.3;
					};
					5DB33E9E25A0233C001434A5 = {
						CreatedOnToolsVersion = 12.3;
						TestTargetID = 5DB33E8D25A02339001434A5;
					};
					5DB33EA925A0233C001434A5 = {
						CreatedOnToolsVersion = 12.3;
						TestTargetID = 5DB33E8D25A02339001434A5;
					};
				};
			};
			buildConfigurationList = 5DB33E8925A02339001434A5 /* Build configuration list for PBXProject "Landmarks" */;
			compatibilityVersion = "Xcode 9.3";
			developmentRegion = en;
			hasScannedForEncodings = 0;
			knownRegions = (
				en,
				Base,
			);
			mainGroup = 5DB33E8525A02339001434A5;
			productRefGroup = 5DB33E8F25A02339001434A5 /* Products */;
			projectDirPath = "";
			projectRoot = "";
			targets = (
				5DB33E8D25A02339001434A5 /* Landmarks */,
				5DB33E9E25A0233C001434A5 /* LandmarksTests */,
				5DB33EA925A0233C001434A5 /* LandmarksUITests */,
			);
		};
/* End PBXProject section */

/* Begin PBXResourcesBuildPhase section */
		5DB33E8C25A02339001434A5 /* Resources */ = {
			isa = PBXResourcesBuildPhase;
			buildActionMask = 2147483647;
			files = (
				5DB33E9925A0233B001434A5 /* Preview Assets.xcassets in Resources */,
				5DB33E9625A0233B001434A5 /* Assets.xcassets in Resources */,
				5DB33ED225A02713001434A5 /* landmarkData.json in Resources */,
			);
			runOnlyForDeploymentPostprocessing = 0;
		};
		5DB33E9D25A0233C001434A5 /* Resources */ = {
			isa = PBXResourcesBuildPhase;
			buildActionMask = 2147483647;
			files = (
			);
			runOnlyForDeploymentPostprocessing = 0;
		};
		5DB33EA825A0233C001434A5 /* Resources */ = {
			isa = PBXResourcesBuildPhase;
			buildActionMask = 2147483647;
			files = (
			);
			runOnlyForDeploymentPostprocessing = 0;
		};
/* End PBXResourcesBuildPhase section */

/* Begin PBXSourcesBuildPhase section */
		5DB33E8A25A02339001434A5 /* Sources */ = {
			isa = PBXSourcesBuildPhase;
			buildActionMask = 2147483647;
			files = (
				5DB33ED725A0272A001434A5 /* Landmark.swift in Sources */,
				5DB33E9425A02339001434A5 /* ContentView.swift in Sources */,
				5DB33ECD25A024E6001434A5 /* MapView.swift in Sources */,
				5D92DAC225A202D700E046DC /* FavoriteButton.swift in Sources */,
				5DB33EF325A02EE5001434A5 /* LandmarkList.swift in Sources */,
				5DB33EF825A03118001434A5 /* LandmarkDetail.swift in Sources */,
				5DB33E9225A02339001434A5 /* LandmarksApp.swift in Sources */,
				5DB33EC825A024A9001434A5 /* CircleImage.swift in Sources */,
				5DB33EEE25A02C87001434A5 /* LandmarkRow.swift in Sources */,
				5DB33EDF25A028F0001434A5 /* ModelData.swift in Sources */,
			);
			runOnlyForDeploymentPostprocessing = 0;
		};
		5DB33E9B25A0233C001434A5 /* Sources */ = {
			isa = PBXSourcesBuildPhase;
			buildActionMask = 2147483647;
			files = (
				5DB33EA425A0233C001434A5 /* LandmarksTests.swift in Sources */,
			);
			runOnlyForDeploymentPostprocessing = 0;
		};
		5DB33EA625A0233C001434A5 /* Sources */ = {
			isa = PBXSourcesBuildPhase;
			buildActionMask = 2147483647;
			files = (
				5DB33EAF25A0233C001434A5 /* LandmarksUITests.swift in Sources */,
			);
			runOnlyForDeploymentPostprocessing = 0;
		};
/* End PBXSourcesBuildPhase section */

/* Begin PBXTargetDependency section */
		5DB33EA125A0233C001434A5 /* PBXTargetDependency */ = {
			isa = PBXTargetDependency;
			target = 5DB33E8D25A02339001434A5 /* Landmarks */;
			targetProxy = 5DB33EA025A0233C001434A5 /* PBXContainerItemProxy */;
		};
		5DB33EAC25A0233C001434A5 /* PBXTargetDependency */ = {
			isa = PBXTargetDependency;
			target = 5DB33E8D25A02339001434A5 /* Landmarks */;
			targetProxy = 5DB33EAB25A0233C001434A5 /* PBXContainerItemProxy */;
		};
/* End PBXTargetDependency section */

/* Begin XCBuildConfiguration section */
		5DB33EB125A0233C001434A5 /* Debug */ = {
			isa = XCBuildConfiguration;
			buildSettings = {
				ALWAYS_SEARCH_USER_PATHS = NO;
				CLANG_ANALYZER_NONNULL = YES;
				CLANG_ANALYZER_NUMBER_OBJECT_CONVERSION = YES_AGGRESSIVE;
				CLANG_CXX_LANGUAGE_STANDARD = "gnu++14";
				CLANG_CXX_LIBRARY = "libc++";
				CLANG_ENABLE_MODULES = YES;
				CLANG_ENABLE_OBJC_ARC = YES;
				CLANG_ENABLE_OBJC_WEAK = YES;
				CLANG_WARN_BLOCK_CAPTURE_AUTORELEASING = YES;
				CLANG_WARN_BOOL_CONVERSION = YES;
				CLANG_WARN_COMMA = YES;
				CLANG_WARN_CONSTANT_CONVERSION = YES;
				CLANG_WARN_DEPRECATED_OBJC_IMPLEMENTATIONS = YES;
				CLANG_WARN_DIRECT_OBJC_ISA_USAGE = YES_ERROR;
				CLANG_WARN_DOCUMENTATION_COMMENTS = YES;
				CLANG_WARN_EMPTY_BODY = YES;
				CLANG_WARN_ENUM_CONVERSION = YES;
				CLANG_WARN_INFINITE_RECURSION = YES;
				CLANG_WARN_INT_CONVERSION = YES;
				CLANG_WARN_NON_LITERAL_NULL_CONVERSION = YES;
				CLANG_WARN_OBJC_IMPLICIT_RETAIN_SELF = YES;
				CLANG_WARN_OBJC_LITERAL_CONVERSION = YES;
				CLANG_WARN_OBJC_ROOT_CLASS = YES_ERROR;
				CLANG_WARN_QUOTED_INCLUDE_IN_FRAMEWORK_HEADER = YES;
				CLANG_WARN_RANGE_LOOP_ANALYSIS = YES;
				CLANG_WARN_STRICT_PROTOTYPES = YES;
				CLANG_WARN_SUSPICIOUS_MOVE = YES;
				CLANG_WARN_UNGUARDED_AVAILABILITY = YES_AGGRESSIVE;
				CLANG_WARN_UNREACHABLE_CODE = YES;
				CLANG_WARN__DUPLICATE_METHOD_MATCH = YES;
				COPY_PHASE_STRIP = NO;
				DEBUG_INFORMATION_FORMAT = dwarf;
				ENABLE_STRICT_OBJC_MSGSEND = YES;
				ENABLE_TESTABILITY = YES;
				GCC_C_LANGUAGE_STANDARD = gnu11;
				GCC_DYNAMIC_NO_PIC = NO;
				GCC_NO_COMMON_BLOCKS = YES;
				GCC_OPTIMIZATION_LEVEL = 0;
				GCC_PREPROCESSOR_DEFINITIONS = (
					"DEBUG=1",
					"$(inherited)",
				);
				GCC_WARN_64_TO_32_BIT_CONVERSION = YES;
				GCC_WARN_ABOUT_RETURN_TYPE = YES_ERROR;
				GCC_WARN_UNDECLARED_SELECTOR = YES;
				GCC_WARN_UNINITIALIZED_AUTOS = YES_AGGRESSIVE;
				GCC_WARN_UNUSED_FUNCTION = YES;
				GCC_WARN_UNUSED_VARIABLE = YES;
				IPHONEOS_DEPLOYMENT_TARGET = 14.3;
				MTL_ENABLE_DEBUG_INFO = INCLUDE_SOURCE;
				MTL_FAST_MATH = YES;
				ONLY_ACTIVE_ARCH = YES;
				SDKROOT = iphoneos;
				SWIFT_ACTIVE_COMPILATION_CONDITIONS = DEBUG;
				SWIFT_OPTIMIZATION_LEVEL = "-Onone";
			};
			name = Debug;
		};
		5DB33EB225A0233C001434A5 /* Release */ = {
			isa = XCBuildConfiguration;
			buildSettings = {
				ALWAYS_SEARCH_USER_PATHS = NO;
				CLANG_ANALYZER_NONNULL = YES;
				CLANG_ANALYZER_NUMBER_OBJECT_CONVERSION = YES_AGGRESSIVE;
				CLANG_CXX_LANGUAGE_STANDARD = "gnu++14";
				CLANG_CXX_LIBRARY = "libc++";
				CLANG_ENABLE_MODULES = YES;
				CLANG_ENABLE_OBJC_ARC = YES;
				CLANG_ENABLE_OBJC_WEAK = YES;
				CLANG_WARN_BLOCK_CAPTURE_AUTORELEASING = YES;
				CLANG_WARN_BOOL_CONVERSION = YES;
				CLANG_WARN_COMMA = YES;
				CLANG_WARN_CONSTANT_CONVERSION = YES;
				CLANG_WARN_DEPRECATED_OBJC_IMPLEMENTATIONS = YES;
				CLANG_WARN_DIRECT_OBJC_ISA_USAGE = YES_ERROR;
				CLANG_WARN_DOCUMENTATION_COMMENTS = YES;
				CLANG_WARN_EMPTY_BODY = YES;
				CLANG_WARN_ENUM_CONVERSION = YES;
				CLANG_WARN_INFINITE_RECURSION = YES;
				CLANG_WARN_INT_CONVERSION = YES;
				CLANG_WARN_NON_LITERAL_NULL_CONVERSION = YES;
				CLANG_WARN_OBJC_IMPLICIT_RETAIN_SELF = YES;
				CLANG_WARN_OBJC_LITERAL_CONVERSION = YES;
				CLANG_WARN_OBJC_ROOT_CLASS = YES_ERROR;
				CLANG_WARN_QUOTED_INCLUDE_IN_FRAMEWORK_HEADER = YES;
				CLANG_WARN_RANGE_LOOP_ANALYSIS = YES;
				CLANG_WARN_STRICT_PROTOTYPES = YES;
				CLANG_WARN_SUSPICIOUS_MOVE = YES;
				CLANG_WARN_UNGUARDED_AVAILABILITY = YES_AGGRESSIVE;
				CLANG_WARN_UNREACHABLE_CODE = YES;
				CLANG_WARN__DUPLICATE_METHOD_MATCH = YES;
				COPY_PHASE_STRIP = NO;
				DEBUG_INFORMATION_FORMAT = "dwarf-with-dsym";
				ENABLE_NS_ASSERTIONS = NO;
				ENABLE_STRICT_OBJC_MSGSEND = YES;
				GCC_C_LANGUAGE_STANDARD = gnu11;
				GCC_NO_COMMON_BLOCKS = YES;
				GCC_WARN_64_TO_32_BIT_CONVERSION = YES;
				GCC_WARN_ABOUT_RETURN_TYPE = YES_ERROR;
				GCC_WARN_UNDECLARED_SELECTOR = YES;
				GCC_WARN_UNINITIALIZED_AUTOS = YES_AGGRESSIVE;
				GCC_WARN_UNUSED_FUNCTION = YES;
				GCC_WARN_UNUSED_VARIABLE = YES;
				IPHONEOS_DEPLOYMENT_TARGET = 14.3;
				MTL_ENABLE_DEBUG_INFO = NO;
				MTL_FAST_MATH = YES;
				SDKROOT = iphoneos;
				SWIFT_COMPILATION_MODE = wholemodule;
				SWIFT_OPTIMIZATION_LEVEL = "-O";
				VALIDATE_PRODUCT = YES;
			};
			name = Release;
		};
		5DB33EB425A0233C001434A5 /* Debug */ = {
			isa = XCBuildConfiguration;
			buildSettings = {
				ASSETCATALOG_COMPILER_APPICON_NAME = AppIcon;
				ASSETCATALOG_COMPILER_GLOBAL_ACCENT_COLOR_NAME = AccentColor;
				CODE_SIGN_STYLE = Automatic;
				DEVELOPMENT_ASSET_PATHS = "\"Landmarks/Preview Content\"";
				ENABLE_PREVIEWS = YES;
				INFOPLIST_FILE = Landmarks/Info.plist;
				IPHONEOS_DEPLOYMENT_TARGET = 14.0;
				LD_RUNPATH_SEARCH_PATHS = (
					"$(inherited)",
					"@executable_path/Frameworks",
				);
				PRODUCT_BUNDLE_IDENTIFIER = seenumadhavan.Landmarks;
				PRODUCT_NAME = "$(TARGET_NAME)";
				SWIFT_VERSION = 5.0;
				TARGETED_DEVICE_FAMILY = "1,2";
			};
			name = Debug;
		};
		5DB33EB525A0233C001434A5 /* Release */ = {
			isa = XCBuildConfiguration;
			buildSettings = {
				ASSETCATALOG_COMPILER_APPICON_NAME = AppIcon;
				ASSETCATALOG_COMPILER_GLOBAL_ACCENT_COLOR_NAME = AccentColor;
				CODE_SIGN_STYLE = Automatic;
				DEVELOPMENT_ASSET_PATHS = "\"Landmarks/Preview Content\"";
				ENABLE_PREVIEWS = YES;
				INFOPLIST_FILE = Landmarks/Info.plist;
				IPHONEOS_DEPLOYMENT_TARGET = 14.0;
				LD_RUNPATH_SEARCH_PATHS = (
					"$(inherited)",
					"@executable_path/Frameworks",
				);
				PRODUCT_BUNDLE_IDENTIFIER = seenumadhavan.Landmarks;
				PRODUCT_NAME = "$(TARGET_NAME)";
				SWIFT_VERSION = 5.0;
				TARGETED_DEVICE_FAMILY = "1,2";
			};
			name = Release;
		};
		5DB33EB725A0233C001434A5 /* Debug */ = {
			isa = XCBuildConfiguration;
			buildSettings = {
				ALWAYS_EMBED_SWIFT_STANDARD_LIBRARIES = YES;
				BUNDLE_LOADER = "$(TEST_HOST)";
				CODE_SIGN_STYLE = Automatic;
				INFOPLIST_FILE = LandmarksTests/Info.plist;
				IPHONEOS_DEPLOYMENT_TARGET = 14.0;
				LD_RUNPATH_SEARCH_PATHS = (
					"$(inherited)",
					"@executable_path/Frameworks",
					"@loader_path/Frameworks",
				);
				PRODUCT_BUNDLE_IDENTIFIER = seenumadhavan.LandmarksTests;
				PRODUCT_NAME = "$(TARGET_NAME)";
				SWIFT_VERSION = 5.0;
				TARGETED_DEVICE_FAMILY = "1,2";
				TEST_HOST = "$(BUILT_PRODUCTS_DIR)/Landmarks.app/Landmarks";
			};
			name = Debug;
		};
		5DB33EB825A0233C001434A5 /* Release */ = {
			isa = XCBuildConfiguration;
			buildSettings = {
				ALWAYS_EMBED_SWIFT_STANDARD_LIBRARIES = YES;
				BUNDLE_LOADER = "$(TEST_HOST)";
				CODE_SIGN_STYLE = Automatic;
				INFOPLIST_FILE = LandmarksTests/Info.plist;
				IPHONEOS_DEPLOYMENT_TARGET = 14.0;
				LD_RUNPATH_SEARCH_PATHS = (
					"$(inherited)",
					"@executable_path/Frameworks",
					"@loader_path/Frameworks",
				);
				PRODUCT_BUNDLE_IDENTIFIER = seenumadhavan.LandmarksTests;
				PRODUCT_NAME = "$(TARGET_NAME)";
				SWIFT_VERSION = 5.0;
				TARGETED_DEVICE_FAMILY = "1,2";
				TEST_HOST = "$(BUILT_PRODUCTS_DIR)/Landmarks.app/Landmarks";
			};
			name = Release;
		};
		5DB33EBA25A0233C001434A5 /* Debug */ = {
			isa = XCBuildConfiguration;
			buildSettings = {
				ALWAYS_EMBED_SWIFT_STANDARD_LIBRARIES = YES;
				CODE_SIGN_STYLE = Automatic;
				INFOPLIST_FILE = LandmarksUITests/Info.plist;
				LD_RUNPATH_SEARCH_PATHS = (
					"$(inherited)",
					"@executable_path/Frameworks",
					"@loader_path/Frameworks",
				);
				PRODUCT_BUNDLE_IDENTIFIER = seenumadhavan.LandmarksUITests;
				PRODUCT_NAME = "$(TARGET_NAME)";
				SWIFT_VERSION = 5.0;
				TARGETED_DEVICE_FAMILY = "1,2";
				TEST_TARGET_NAME = Landmarks;
			};
			name = Debug;
		};
		5DB33EBB25A0233C001434A5 /* Release */ = {
			isa = XCBuildConfiguration;
			buildSettings = {
				ALWAYS_EMBED_SWIFT_STANDARD_LIBRARIES = YES;
				CODE_SIGN_STYLE = Automatic;
				INFOPLIST_FILE = LandmarksUITests/Info.plist;
				LD_RUNPATH_SEARCH_PATHS = (
					"$(inherited)",
					"@executable_path/Frameworks",
					"@loader_path/Frameworks",
				);
				PRODUCT_BUNDLE_IDENTIFIER = seenumadhavan.LandmarksUITests;
				PRODUCT_NAME = "$(TARGET_NAME)";
				SWIFT_VERSION = 5.0;
				TARGETED_DEVICE_FAMILY = "1,2";
				TEST_TARGET_NAME = Landmarks;
			};
			name = Release;
		};
/* End XCBuildConfiguration section */

/* Begin XCConfigurationList section */
		5DB33E8925A02339001434A5 /* Build configuration list for PBXProject "Landmarks" */ = {
			isa = XCConfigurationList;
			buildConfigurations = (
				5DB33EB125A0233C001434A5 /* Debug */,
				5DB33EB225A0233C001434A5 /* Release */,
			);
			defaultConfigurationIsVisible = 0;
			defaultConfigurationName = Release;
		};
		5DB33EB325A0233C001434A5 /* Build configuration list for PBXNativeTarget "Landmarks" */ = {
			isa = XCConfigurationList;
			buildConfigurations = (
				5DB33EB425A0233C001434A5 /* Debug */,
				5DB33EB525A0233C001434A5 /* Release */,
			);
			defaultConfigurationIsVisible = 0;
			defaultConfigurationName = Release;
		};
		5DB33EB625A0233C001434A5 /* Build configuration list for PBXNativeTarget "LandmarksTests" */ = {
			isa = XCConfigurationList;
			buildConfigurations = (
				5DB33EB725A0233C001434A5 /* Debug */,
				5DB33EB825A0233C001434A5 /* Release */,
			);
			defaultConfigurationIsVisible = 0;
			defaultConfigurationName = Release;
		};
		5DB33EB925A0233C001434A5 /* Build configuration list for PBXNativeTarget "LandmarksUITests" */ = {
			isa = XCConfigurationList;
			buildConfigurations = (
				5DB33EBA25A0233C001434A5 /* Debug */,
				5DB33EBB25A0233C001434A5 /* Release */,
			);
			defaultConfigurationIsVisible = 0;
			defaultConfigurationName = Release;
		};
/* End XCConfigurationList section */
	};
	rootObject = 5DB33E8625A02339001434A5 /* Project object */;
}
